{
    "_meta": {
        "hash": {
            "sha256": "2d0a691a25eca65fc706b6b86296fdbd7651e9dfb5d9bc5a1cf197abe813c20e"
        },
        "pipfile-spec": 6,
        "requires": {
            "python_version": "3.7"
        },
        "sources": [
            {
                "name": "pypi",
                "url": "https://pypi.org/simple",
                "verify_ssl": true
            }
        ]
    },
    "default": {
        "anyio": {
            "hashes": [
                "sha256:25ea0d673ae30af41a0c442f81cf3b38c7e79fdc7b60335a4c14e05eb0947421",
                "sha256:fbbe32bd270d2a2ef3ed1c5d45041250284e31fc0a4df4a5a6071842051a51e3"
            ],
            "markers": "python_full_version >= '3.6.2'",
            "version": "==3.6.2"
        },
        "asyncio": {
            "hashes": [
                "sha256:83360ff8bc97980e4ff25c964c7bd3923d333d177aa4f7fb736b019f26c7cb41",
                "sha256:b62c9157d36187eca799c378e572c969f0da87cd5fc42ca372d92cdb06e7e1de",
                "sha256:c46a87b48213d7464f22d9a497b9eef8c1928b68320a2fa94240f969f6fec08c",
                "sha256:c4d18b22701821de07bd6aea8b53d21449ec0ec5680645e5317062ea21817d2d"
            ],
            "index": "pypi",
            "version": "==3.4.3"
        },
        "certifi": {
            "hashes": [
                "sha256:35824b4c3a97115964b408844d64aa14db1cc518f6562e8d7261699d1350a9e3",
                "sha256:4ad3232f5e926d6718ec31cfc1fcadfde020920e278684144551c91769c7bc18"
            ],
            "index": "pypi",
            "version": "==2022.12.7"
        },
        "chardet": {
            "hashes": [
                "sha256:84ab92ed1c4d4f16916e05906b6b75a6c0fb5db821cc65e70cbd64a3e2a5eaae",
                "sha256:fc323ffcaeaed0e0a02bf4d117757b98aed530d9ed4531e3e15460124c106691"
            ],
            "index": "pypi",
            "version": "==3.0.4"
        },
        "click": {
            "hashes": [
                "sha256:8c04c11192119b1ef78ea049e0a6f0463e4c48ef00a30160c704337586f3ad7a",
                "sha256:fba402a4a47334742d782209a7c79bc448911afe1149d07bdabdf480b3e2f4b6"
            ],
            "index": "pypi",
            "version": "==8.0.1"
        },
        "dicttoxml": {
            "hashes": [
                "sha256:ea44cc4ec6c0f85098c57a431a1ee891b3549347b07b7414c8a24611ecf37e45"
            ],
            "index": "pypi",
            "version": "==1.7.4"
        },
        "flask": {
            "hashes": [
                "sha256:1c4c257b1892aec1398784c63791cbaa43062f1f7aeb555c4da961b20ee68f55",
                "sha256:a6209ca15eb63fc9385f38e452704113d679511d9574d09b2cf9183ae7d20dc9"
            ],
            "index": "pypi",
            "version": "==2.0.1"
        },
        "flask-httpauth": {
            "hashes": [
                "sha256:bcaaa7a35a3cba0b2eafd4f113b3016bf70eb78087456d96484c3c18928b813a",
                "sha256:d9131122cdc5709dda63790f6e9b3142d8101447d424b0b95ffd4ee279f49539"
            ],
            "index": "pypi",
            "version": "==4.4.0"
        },
        "flask-login": {
            "hashes": [
                "sha256:6d33aef15b5bcead780acc339464aae8a6e28f13c90d8b1cf9de8b549d1c0b4b",
                "sha256:7451b5001e17837ba58945aead261ba425fdf7b4f0448777e597ddab39f4fba0"
            ],
            "index": "pypi",
            "version": "==0.5.0"
        },
        "folioclient": {
            "hashes": [
                "sha256:f165498eb766ff43ac42c9b24b6e0a9a6bdb37e49f50be9c8410c94231db1f34"
            ],
            "index": "pypi",
            "version": "==0.6"
        },
        "h11": {
            "hashes": [
                "sha256:36a3cb8c0a032f56e2da7084577878a035d3b61d104230d4bd49c0c6b555a9c6",
                "sha256:47222cb6067e4a307d535814917cd98fd0a57b6788ce715755fa2b6c28b56042"
            ],
            "markers": "python_version >= '3.6'",
            "version": "==0.12.0"
        },
        "httpcore": {
            "hashes": [
                "sha256:036f960468759e633574d7c121afba48af6419615d36ab8ede979f1ad6276fa3",
                "sha256:369aa481b014cf046f7067fddd67d00560f2f00426e79569d99cb11245134af0"
            ],
            "markers": "python_version >= '3.6'",
            "version": "==0.13.7"
        },
        "httpx": {
            "hashes": [
                "sha256:979afafecb7d22a1d10340bafb403cf2cb75aff214426ff206521fc79d26408c",
                "sha256:9f99c15d33642d38bce8405df088c1c4cfd940284b4290cacbfb02e64f4877c6"
            ],
            "index": "pypi",
            "version": "==0.18.2"
        },
        "idna": {
            "hashes": [
                "sha256:c357b3f628cf53ae2c4c05627ecc484553142ca23264e593d327bcde5e9c3407",
                "sha256:ea8b7f6188e6fa117537c3df7da9fc686d485087abf6ac197f9c46432f7e4a3c"
            ],
            "index": "pypi",
            "version": "==2.8"
        },
        "importlib-metadata": {
            "hashes": [
                "sha256:d5059f9f1e8e41f80e9c56c2ee58811450c31984dfa625329ffd7c0dad88a73b",
                "sha256:d84d17e21670ec07990e1044a99efe8d615d860fd176fc29ef5c306068fda313"
            ],
            "markers": "python_version < '3.8'",
            "version": "==5.1.0"
        },
        "itsdangerous": {
            "hashes": [
                "sha256:5174094b9637652bdb841a3029700391451bd092ba3db90600dea710ba28e97c",
                "sha256:9e724d68fc22902a1435351f84c3fb8623f303fffcc566a4cb952df8c572cff0"
            ],
            "index": "pypi",
            "version": "==2.0.1"
        },
        "jinja2": {
            "hashes": [
                "sha256:1f06f2da51e7b56b8f238affdd6b4e2c61e39598a378cc49345bc1bd42a978a4",
                "sha256:703f484b47a6af502e743c9122595cc812b0271f661722403114f71a79d0f5a4"
            ],
            "index": "pypi",
            "version": "==3.0.1"
        },
        "lxml": {
            "hashes": [
                "sha256:079f3ae844f38982d156efce585bc540c16a926d4436712cf4baee0cce487a3d",
                "sha256:0fbcf5565ac01dff87cbfc0ff323515c823081c5777a9fc7703ff58388c258c3",
                "sha256:122fba10466c7bd4178b07dba427aa516286b846b2cbd6f6169141917283aae2",
                "sha256:1b38116b6e628118dea5b2186ee6820ab138dbb1e24a13e478490c7db2f326ae",
                "sha256:1b7584d421d254ab86d4f0b13ec662a9014397678a7c4265a02a6d7c2b18a75f",
                "sha256:26e761ab5b07adf5f555ee82fb4bfc35bf93750499c6c7614bd64d12aaa67927",
                "sha256:289e9ca1a9287f08daaf796d96e06cb2bc2958891d7911ac7cae1c5f9e1e0ee3",
                "sha256:2a9d50e69aac3ebee695424f7dbd7b8c6d6eb7de2a2eb6b0f6c7db6aa41e02b7",
                "sha256:3082c518be8e97324390614dacd041bb1358c882d77108ca1957ba47738d9d59",
                "sha256:33bb934a044cf32157c12bfcfbb6649807da20aa92c062ef51903415c704704f",
                "sha256:3439c71103ef0e904ea0a1901611863e51f50b5cd5e8654a151740fde5e1cade",
                "sha256:36108c73739985979bf302006527cf8a20515ce444ba916281d1c43938b8bb96",
                "sha256:39b78571b3b30645ac77b95f7c69d1bffc4cf8c3b157c435a34da72e78c82468",
                "sha256:4289728b5e2000a4ad4ab8da6e1db2e093c63c08bdc0414799ee776a3f78da4b",
                "sha256:4bff24dfeea62f2e56f5bab929b4428ae6caba2d1eea0c2d6eb618e30a71e6d4",
                "sha256:4c61b3a0db43a1607d6264166b230438f85bfed02e8cff20c22e564d0faff354",
                "sha256:542d454665a3e277f76954418124d67516c5f88e51a900365ed54a9806122b83",
                "sha256:5a0a14e264069c03e46f926be0d8919f4105c1623d620e7ec0e612a2e9bf1c04",
                "sha256:5c8c163396cc0df3fd151b927e74f6e4acd67160d6c33304e805b84293351d16",
                "sha256:64812391546a18896adaa86c77c59a4998f33c24788cadc35789e55b727a37f4",
                "sha256:66e575c62792c3f9ca47cb8b6fab9e35bab91360c783d1606f758761810c9791",
                "sha256:6f12e1427285008fd32a6025e38e977d44d6382cf28e7201ed10d6c1698d2a9a",
                "sha256:74f7d8d439b18fa4c385f3f5dfd11144bb87c1da034a466c5b5577d23a1d9b51",
                "sha256:7610b8c31688f0b1be0ef882889817939490a36d0ee880ea562a4e1399c447a1",
                "sha256:76fa7b1362d19f8fbd3e75fe2fb7c79359b0af8747e6f7141c338f0bee2f871a",
                "sha256:7728e05c35412ba36d3e9795ae8995e3c86958179c9770e65558ec3fdfd3724f",
                "sha256:8157dadbb09a34a6bd95a50690595e1fa0af1a99445e2744110e3dca7831c4ee",
                "sha256:820628b7b3135403540202e60551e741f9b6d3304371712521be939470b454ec",
                "sha256:884ab9b29feaca361f7f88d811b1eea9bfca36cf3da27768d28ad45c3ee6f969",
                "sha256:89b8b22a5ff72d89d48d0e62abb14340d9e99fd637d046c27b8b257a01ffbe28",
                "sha256:92e821e43ad382332eade6812e298dc9701c75fe289f2a2d39c7960b43d1e92a",
                "sha256:b007cbb845b28db4fb8b6a5cdcbf65bacb16a8bd328b53cbc0698688a68e1caa",
                "sha256:bc4313cbeb0e7a416a488d72f9680fffffc645f8a838bd2193809881c67dd106",
                "sha256:bccbfc27563652de7dc9bdc595cb25e90b59c5f8e23e806ed0fd623755b6565d",
                "sha256:c1a40c06fd5ba37ad39caa0b3144eb3772e813b5fb5b084198a985431c2f1e8d",
                "sha256:c47ff7e0a36d4efac9fd692cfa33fbd0636674c102e9e8d9b26e1b93a94e7617",
                "sha256:c4f05c5a7c49d2fb70223d0d5bcfbe474cf928310ac9fa6a7c6dddc831d0b1d4",
                "sha256:cdaf11d2bd275bf391b5308f86731e5194a21af45fbaaaf1d9e8147b9160ea92",
                "sha256:ce256aaa50f6cc9a649c51be3cd4ff142d67295bfc4f490c9134d0f9f6d58ef0",
                "sha256:d2e35d7bf1c1ac8c538f88d26b396e73dd81440d59c1ef8522e1ea77b345ede4",
                "sha256:d916d31fd85b2f78c76400d625076d9124de3e4bda8b016d25a050cc7d603f24",
                "sha256:df7c53783a46febb0e70f6b05df2ba104610f2fb0d27023409734a3ecbb78fb2",
                "sha256:e1cbd3f19a61e27e011e02f9600837b921ac661f0c40560eefb366e4e4fb275e",
                "sha256:efac139c3f0bf4f0939f9375af4b02c5ad83a622de52d6dfa8e438e8e01d0eb0",
                "sha256:efd7a09678fd8b53117f6bae4fa3825e0a22b03ef0a932e070c0bdbb3a35e654",
                "sha256:f2380a6376dfa090227b663f9678150ef27543483055cc327555fb592c5967e2",
                "sha256:f8380c03e45cf09f8557bdaa41e1fa7c81f3ae22828e1db470ab2a6c96d8bc23",
                "sha256:f90ba11136bfdd25cae3951af8da2e95121c9b9b93727b1b896e3fa105b2f586"
            ],
            "index": "pypi",
            "version": "==4.6.3"
        },
        "markupsafe": {
            "hashes": [
                "sha256:01a9b8ea66f1658938f65b93a85ebe8bc016e6769611be228d797c9d998dd298",
                "sha256:023cb26ec21ece8dc3907c0e8320058b2e0cb3c55cf9564da612bc325bed5e64",
                "sha256:0446679737af14f45767963a1a9ef7620189912317d095f2d9ffa183a4d25d2b",
                "sha256:04635854b943835a6ea959e948d19dcd311762c5c0c6e1f0e16ee57022669194",
                "sha256:0717a7390a68be14b8c793ba258e075c6f4ca819f15edfc2a3a027c823718567",
                "sha256:0955295dd5eec6cb6cc2fe1698f4c6d84af2e92de33fbcac4111913cd100a6ff",
                "sha256:0d4b31cc67ab36e3392bbf3862cfbadac3db12bdd8b02a2731f509ed5b829724",
                "sha256:10f82115e21dc0dfec9ab5c0223652f7197feb168c940f3ef61563fc2d6beb74",
                "sha256:168cd0a3642de83558a5153c8bd34f175a9a6e7f6dc6384b9655d2697312a646",
                "sha256:1d609f577dc6e1aa17d746f8bd3c31aa4d258f4070d61b2aa5c4166c1539de35",
                "sha256:1f2ade76b9903f39aa442b4aadd2177decb66525062db244b35d71d0ee8599b6",
                "sha256:20dca64a3ef2d6e4d5d615a3fd418ad3bde77a47ec8a23d984a12b5b4c74491a",
                "sha256:2a7d351cbd8cfeb19ca00de495e224dea7e7d919659c2841bbb7f420ad03e2d6",
                "sha256:2d7d807855b419fc2ed3e631034685db6079889a1f01d5d9dac950f764da3dad",
                "sha256:2ef54abee730b502252bcdf31b10dacb0a416229b72c18b19e24a4509f273d26",
                "sha256:36bc903cbb393720fad60fc28c10de6acf10dc6cc883f3e24ee4012371399a38",
                "sha256:37205cac2a79194e3750b0af2a5720d95f786a55ce7df90c3af697bfa100eaac",
                "sha256:3c112550557578c26af18a1ccc9e090bfe03832ae994343cfdacd287db6a6ae7",
                "sha256:3dd007d54ee88b46be476e293f48c85048603f5f516008bee124ddd891398ed6",
                "sha256:4296f2b1ce8c86a6aea78613c34bb1a672ea0e3de9c6ba08a960efe0b0a09047",
                "sha256:47ab1e7b91c098ab893b828deafa1203de86d0bc6ab587b160f78fe6c4011f75",
                "sha256:49e3ceeabbfb9d66c3aef5af3a60cc43b85c33df25ce03d0031a608b0a8b2e3f",
                "sha256:4dc8f9fb58f7364b63fd9f85013b780ef83c11857ae79f2feda41e270468dd9b",
                "sha256:4efca8f86c54b22348a5467704e3fec767b2db12fc39c6d963168ab1d3fc9135",
                "sha256:53edb4da6925ad13c07b6d26c2a852bd81e364f95301c66e930ab2aef5b5ddd8",
                "sha256:5855f8438a7d1d458206a2466bf82b0f104a3724bf96a1c781ab731e4201731a",
                "sha256:594c67807fb16238b30c44bdf74f36c02cdf22d1c8cda91ef8a0ed8dabf5620a",
                "sha256:5b6d930f030f8ed98e3e6c98ffa0652bdb82601e7a016ec2ab5d7ff23baa78d1",
                "sha256:5bb28c636d87e840583ee3adeb78172efc47c8b26127267f54a9c0ec251d41a9",
                "sha256:60bf42e36abfaf9aff1f50f52644b336d4f0a3fd6d8a60ca0d054ac9f713a864",
                "sha256:611d1ad9a4288cf3e3c16014564df047fe08410e628f89805e475368bd304914",
                "sha256:6300b8454aa6930a24b9618fbb54b5a68135092bc666f7b06901f897fa5c2fee",
                "sha256:63f3268ba69ace99cab4e3e3b5840b03340efed0948ab8f78d2fd87ee5442a4f",
                "sha256:6557b31b5e2c9ddf0de32a691f2312a32f77cd7681d8af66c2692efdbef84c18",
                "sha256:693ce3f9e70a6cf7d2fb9e6c9d8b204b6b39897a2c4a1aa65728d5ac97dcc1d8",
                "sha256:6a7fae0dd14cf60ad5ff42baa2e95727c3d81ded453457771d02b7d2b3f9c0c2",
                "sha256:6c4ca60fa24e85fe25b912b01e62cb969d69a23a5d5867682dd3e80b5b02581d",
                "sha256:6fcf051089389abe060c9cd7caa212c707e58153afa2c649f00346ce6d260f1b",
                "sha256:7d91275b0245b1da4d4cfa07e0faedd5b0812efc15b702576d103293e252af1b",
                "sha256:89c687013cb1cd489a0f0ac24febe8c7a666e6e221b783e53ac50ebf68e45d86",
                "sha256:8d206346619592c6200148b01a2142798c989edcb9c896f9ac9722a99d4e77e6",
                "sha256:905fec760bd2fa1388bb5b489ee8ee5f7291d692638ea5f67982d968366bef9f",
                "sha256:97383d78eb34da7e1fa37dd273c20ad4320929af65d156e35a5e2d89566d9dfb",
                "sha256:984d76483eb32f1bcb536dc27e4ad56bba4baa70be32fa87152832cdd9db0833",
                "sha256:99df47edb6bda1249d3e80fdabb1dab8c08ef3975f69aed437cb69d0a5de1e28",
                "sha256:9f02365d4e99430a12647f09b6cc8bab61a6564363f313126f775eb4f6ef798e",
                "sha256:a30e67a65b53ea0a5e62fe23682cfe22712e01f453b95233b25502f7c61cb415",
                "sha256:ab3ef638ace319fa26553db0624c4699e31a28bb2a835c5faca8f8acf6a5a902",
                "sha256:aca6377c0cb8a8253e493c6b451565ac77e98c2951c45f913e0b52facdcff83f",
                "sha256:add36cb2dbb8b736611303cd3bfcee00afd96471b09cda130da3581cbdc56a6d",
                "sha256:b2f4bf27480f5e5e8ce285a8c8fd176c0b03e93dcc6646477d4630e83440c6a9",
                "sha256:b7f2d075102dc8c794cbde1947378051c4e5180d52d276987b8d28a3bd58c17d",
                "sha256:baa1a4e8f868845af802979fcdbf0bb11f94f1cb7ced4c4b8a351bb60d108145",
                "sha256:be98f628055368795d818ebf93da628541e10b75b41c559fdf36d104c5787066",
                "sha256:bf5d821ffabf0ef3533c39c518f3357b171a1651c1ff6827325e4489b0e46c3c",
                "sha256:c47adbc92fc1bb2b3274c4b3a43ae0e4573d9fbff4f54cd484555edbf030baf1",
                "sha256:cdfba22ea2f0029c9261a4bd07e830a8da012291fbe44dc794e488b6c9bb353a",
                "sha256:d6c7ebd4e944c85e2c3421e612a7057a2f48d478d79e61800d81468a8d842207",
                "sha256:d7f9850398e85aba693bb640262d3611788b1f29a79f0c93c565694658f4071f",
                "sha256:d8446c54dc28c01e5a2dbac5a25f071f6653e6e40f3a8818e8b45d790fe6ef53",
                "sha256:deb993cacb280823246a026e3b2d81c493c53de6acfd5e6bfe31ab3402bb37dd",
                "sha256:e0f138900af21926a02425cf736db95be9f4af72ba1bb21453432a07f6082134",
                "sha256:e9936f0b261d4df76ad22f8fee3ae83b60d7c3e871292cd42f40b81b70afae85",
                "sha256:f0567c4dc99f264f49fe27da5f735f414c4e7e7dd850cfd8e69f0862d7c74ea9",
                "sha256:f5653a225f31e113b152e56f154ccbe59eeb1c7487b39b9d9f9cdb58e6c79dc5",
                "sha256:f826e31d18b516f653fe296d967d700fddad5901ae07c622bb3705955e1faa94",
                "sha256:f8ba0e8349a38d3001fae7eadded3f6606f0da5d748ee53cc1dab1d6527b9509",
                "sha256:f9081981fe268bd86831e5c75f7de206ef275defcb82bc70740ae6dc507aee51",
                "sha256:fa130dd50c57d53368c9d59395cb5526eda596d3ffe36666cd81a44d56e48872"
            ],
            "index": "pypi",
            "version": "==2.0.1"
        },
        "pip": {
            "hashes": [
                "sha256:65fd48317359f3af8e593943e6ae1506b66325085ea64b706a998c6e83eeaf38",
                "sha256:908c78e6bc29b676ede1c4d57981d490cb892eb45cd8c214ab6298125119e077"
            ],
            "index": "pypi",
            "version": "==22.3.1"
        },
        "requests": {
            "hashes": [
                "sha256:27973dd4a904a4f13b263a19c866c13b92a39ed1c964655f025f3f8d3d75b804",
                "sha256:c210084e36a42ae6b9219e00e48287def368a26d03a048ddad7bfee44f75871e"
            ],
            "index": "pypi",
            "version": "==2.25.1"
        },
        "requests-futures": {
            "hashes": [
                "sha256:35547502bf1958044716a03a2f47092a89efe8f9789ab0c4c528d9c9c30bc148",
                "sha256:633804c773b960cef009efe2a5585483443c6eac3c39cc64beba2884013bcdd9"
            ],
            "index": "pypi",
            "version": "==1.0.0"
        },
        "rfc3986": {
            "extras": [
                "idna2008"
            ],
            "hashes": [
                "sha256:270aaf10d87d0d4e095063c65bf3ddbc6ee3d0b226328ce21e036f946e421835",
                "sha256:a86d6e1f5b1dc238b218b012df0aa79409667bb209e58da56d0b94704e712a97"
            ],
            "version": "==1.5.0"
        },
        "sniffio": {
            "hashes": [
                "sha256:e60305c5e5d314f5389259b7f22aaa33d8f7dee49763119234af3755c55b9101",
                "sha256:eecefdce1e5bbfb7ad2eeaabf7c1eeb404d7757c379bd1f7e5cce9d8bf425384"
            ],
            "markers": "python_version >= '3.7'",
            "version": "==1.3.0"
        },
        "typing-extensions": {
            "hashes": [
                "sha256:1511434bb92bf8dd198c12b1cc812e800d4181cfcb867674e0f8279cc93087aa",
                "sha256:16fa4864408f655d35ec496218b85f79b3437c829e93320c7c9215ccfd92489e"
            ],
            "markers": "python_version < '3.8'",
            "version": "==4.4.0"
        },
        "urllib3": {
            "hashes": [
                "sha256:39fb8672126159acb139a7718dd10806104dec1e2f0f6c88aab05d17df10c8d4",
                "sha256:f57b4c16c62fa2760b7e3d97c35b255512fb6b59a259730f36ba32ce9f8e342f"
            ],
            "index": "pypi",
            "version": "==1.26.6"
        },
        "werkzeug": {
            "hashes": [
                "sha256:1de1db30d010ff1af14a009224ec49ab2329ad2cde454c8a708130642d579c42",
                "sha256:6c1ec500dcdba0baa27600f6a22f6333d8b662d22027ff9f6202e3367413caa8"
            ],
            "index": "pypi",
            "version": "==2.0.1"
        },
        "zipp": {
            "hashes": [
                "sha256:83a28fcb75844b5c0cdaf5aa4003c2d728c77e05f5aeabe8e95e56727005fbaa",
                "sha256:a7a22e05929290a67401440b39690ae6563279bced5f314609d9d03798f56766"
            ],
            "markers": "python_version >= '3.7'",
            "version": "==3.11.0"
        }
    },
    "develop": {
        "appdirs": {
            "hashes": [
                "sha256:7d5d0167b2b1ba821647616af46a749d1c653740dd0d2415100fe26e27afdf41",
                "sha256:a841dacd6b99318a741b166adb07e19ee71a274450e68237b4650ca1055ab128"
            ],
            "version": "==1.4.4"
        },
        "autopep8": {
            "hashes": [
                "sha256:276ced7e9e3cb22e5d7c14748384a5cf5d9002257c0ed50c0e075b68011bb6d0",
                "sha256:aa213493c30dcdac99537249ee65b24af0b2c29f2e83cd8b3f68760441ed0db9"
            ],
            "index": "pypi",
            "version": "==1.5.7"
        },
        "black": {
            "hashes": [
                "sha256:1c7aa6ada8ee864db745b22790a32f94b2795c253a75d6d9b5e439ff10d23116",
                "sha256:c8373c6491de9362e39271630b65b964607bc5c79c83783547d76c839b3aa219"
            ],
            "index": "pypi",
            "version": "==21.7b0"
        },
        "click": {
            "hashes": [
                "sha256:8c04c11192119b1ef78ea049e0a6f0463e4c48ef00a30160c704337586f3ad7a",
                "sha256:fba402a4a47334742d782209a7c79bc448911afe1149d07bdabdf480b3e2f4b6"
            ],
            "index": "pypi",
            "version": "==8.0.1"
        },
        "flake8": {
            "hashes": [
                "sha256:07528381786f2a6237b061f6e96610a4167b226cb926e2aa2b6b1d78057c576b",
                "sha256:bf8fd333346d844f616e8d47905ef3a3384edae6b4e9beb0c5101e25e3110907"
            ],
            "index": "pypi",
            "version": "==3.9.2"
        },
        "importlib-metadata": {
            "hashes": [
                "sha256:d5059f9f1e8e41f80e9c56c2ee58811450c31984dfa625329ffd7c0dad88a73b",
                "sha256:d84d17e21670ec07990e1044a99efe8d615d860fd176fc29ef5c306068fda313"
            ],
            "markers": "python_version < '3.8'",
            "version": "==5.1.0"
        },
        "mccabe": {
            "hashes": [
                "sha256:ab8a6258860da4b6677da4bd2fe5dc2c659cff31b3ee4f7f5d64e79735b80d42",
                "sha256:dd8d182285a0fe56bace7f45b5e7d1a6ebcbf524e8f3bd87eb0f125271b8831f"
            ],
            "version": "==0.6.1"
        },
        "mypy-extensions": {
            "hashes": [
                "sha256:090fedd75945a69ae91ce1303b5824f428daf5a028d2f6ab8a299250a846f15d",
                "sha256:2d82818f5bb3e369420cb3c4060a7970edba416647068eb4c5343488a6c604a8"
            ],
            "version": "==0.4.3"
        },
        "pathspec": {
            "hashes": [
                "sha256:88c2606f2c1e818b978540f73ecc908e13999c6c3a383daf3705652ae79807a5",
                "sha256:8f6bf73e5758fd365ef5d58ce09ac7c27d2833a8d7da51712eac6e27e35141b0"
            ],
            "markers": "python_version >= '3.7'",
            "version": "==0.10.2"
        },
        "pycodestyle": {
            "hashes": [
                "sha256:514f76d918fcc0b55c6680472f0a37970994e07bbb80725808c17089be302068",
                "sha256:c389c1d06bf7904078ca03399a4816f974a1d590090fecea0c63ec26ebaf1cef"
            ],
            "index": "pypi",
            "version": "==2.7.0"
        },
        "pyflakes": {
            "hashes": [
                "sha256:7893783d01b8a89811dd72d7dfd4d84ff098e5eed95cfa8905b22bbffe52efc3",
                "sha256:f5bc8ecabc05bb9d291eb5203d6810b49040f6ff446a756326104746cc00c1db"
            ],
            "markers": "python_version >= '2.7' and python_version not in '3.0, 3.1, 3.2, 3.3'",
            "version": "==2.3.1"
        },
        "regex": {
            "hashes": [
                "sha256:052b670fafbe30966bbe5d025e90b2a491f85dfe5b2583a163b5e60a85a321ad",
                "sha256:0653d012b3bf45f194e5e6a41df9258811ac8fc395579fa82958a8b76286bea4",
                "sha256:0a069c8483466806ab94ea9068c34b200b8bfc66b6762f45a831c4baaa9e8cdd",
                "sha256:0cf0da36a212978be2c2e2e2d04bdff46f850108fccc1851332bcae51c8907cc",
                "sha256:131d4be09bea7ce2577f9623e415cab287a3c8e0624f778c1d955ec7c281bd4d",
                "sha256:144486e029793a733e43b2e37df16a16df4ceb62102636ff3db6033994711066",
                "sha256:1ddf14031a3882f684b8642cb74eea3af93a2be68893901b2b387c5fd92a03ec",
                "sha256:1eba476b1b242620c266edf6325b443a2e22b633217a9835a52d8da2b5c051f9",
                "sha256:20f61c9944f0be2dc2b75689ba409938c14876c19d02f7585af4460b6a21403e",
                "sha256:22960019a842777a9fa5134c2364efaed5fbf9610ddc5c904bd3a400973b0eb8",
                "sha256:22e7ebc231d28393dfdc19b185d97e14a0f178bedd78e85aad660e93b646604e",
                "sha256:23cbb932cc53a86ebde0fb72e7e645f9a5eec1a5af7aa9ce333e46286caef783",
                "sha256:29c04741b9ae13d1e94cf93fca257730b97ce6ea64cfe1eba11cf9ac4e85afb6",
                "sha256:2bde29cc44fa81c0a0c8686992c3080b37c488df167a371500b2a43ce9f026d1",
                "sha256:2cdc55ca07b4e70dda898d2ab7150ecf17c990076d3acd7a5f3b25cb23a69f1c",
                "sha256:370f6e97d02bf2dd20d7468ce4f38e173a124e769762d00beadec3bc2f4b3bc4",
                "sha256:395161bbdbd04a8333b9ff9763a05e9ceb4fe210e3c7690f5e68cedd3d65d8e1",
                "sha256:44136355e2f5e06bf6b23d337a75386371ba742ffa771440b85bed367c1318d1",
                "sha256:44a6c2f6374e0033873e9ed577a54a3602b4f609867794c1a3ebba65e4c93ee7",
                "sha256:4919899577ba37f505aaebdf6e7dc812d55e8f097331312db7f1aab18767cce8",
                "sha256:4b4b1fe58cd102d75ef0552cf17242705ce0759f9695334a56644ad2d83903fe",
                "sha256:4bdd56ee719a8f751cf5a593476a441c4e56c9b64dc1f0f30902858c4ef8771d",
                "sha256:4bf41b8b0a80708f7e0384519795e80dcb44d7199a35d52c15cc674d10b3081b",
                "sha256:4cac3405d8dda8bc6ed499557625585544dd5cbf32072dcc72b5a176cb1271c8",
                "sha256:4fe7fda2fe7c8890d454f2cbc91d6c01baf206fbc96d89a80241a02985118c0c",
                "sha256:50921c140561d3db2ab9f5b11c5184846cde686bb5a9dc64cae442926e86f3af",
                "sha256:5217c25229b6a85049416a5c1e6451e9060a1edcf988641e309dbe3ab26d3e49",
                "sha256:5352bea8a8f84b89d45ccc503f390a6be77917932b1c98c4cdc3565137acc714",
                "sha256:542e3e306d1669b25936b64917285cdffcd4f5c6f0247636fec037187bd93542",
                "sha256:543883e3496c8b6d58bd036c99486c3c8387c2fc01f7a342b760c1ea3158a318",
                "sha256:586b36ebda81e6c1a9c5a5d0bfdc236399ba6595e1397842fd4a45648c30f35e",
                "sha256:597f899f4ed42a38df7b0e46714880fb4e19a25c2f66e5c908805466721760f5",
                "sha256:5a260758454580f11dd8743fa98319bb046037dfab4f7828008909d0aa5292bc",
                "sha256:5aefb84a301327ad115e9d346c8e2760009131d9d4b4c6b213648d02e2abe144",
                "sha256:5e6a5567078b3eaed93558842346c9d678e116ab0135e22eb72db8325e90b453",
                "sha256:5ff525698de226c0ca743bfa71fc6b378cda2ddcf0d22d7c37b1cc925c9650a5",
                "sha256:61edbca89aa3f5ef7ecac8c23d975fe7261c12665f1d90a6b1af527bba86ce61",
                "sha256:659175b2144d199560d99a8d13b2228b85e6019b6e09e556209dfb8c37b78a11",
                "sha256:6a9a19bea8495bb419dc5d38c4519567781cd8d571c72efc6aa959473d10221a",
                "sha256:6b30bddd61d2a3261f025ad0f9ee2586988c6a00c780a2fb0a92cea2aa702c54",
                "sha256:6ffd55b5aedc6f25fd8d9f905c9376ca44fcf768673ffb9d160dd6f409bfda73",
                "sha256:702d8fc6f25bbf412ee706bd73019da5e44a8400861dfff7ff31eb5b4a1276dc",
                "sha256:74bcab50a13960f2a610cdcd066e25f1fd59e23b69637c92ad470784a51b1347",
                "sha256:75f591b2055523fc02a4bbe598aa867df9e953255f0b7f7715d2a36a9c30065c",
                "sha256:763b64853b0a8f4f9cfb41a76a4a85a9bcda7fdda5cb057016e7706fde928e66",
                "sha256:76c598ca73ec73a2f568e2a72ba46c3b6c8690ad9a07092b18e48ceb936e9f0c",
                "sha256:78d680ef3e4d405f36f0d6d1ea54e740366f061645930072d39bca16a10d8c93",
                "sha256:7b280948d00bd3973c1998f92e22aa3ecb76682e3a4255f33e1020bd32adf443",
                "sha256:7db345956ecce0c99b97b042b4ca7326feeec6b75facd8390af73b18e2650ffc",
                "sha256:7dbdce0c534bbf52274b94768b3498abdf675a691fec5f751b6057b3030f34c1",
                "sha256:7ef6b5942e6bfc5706301a18a62300c60db9af7f6368042227ccb7eeb22d0892",
                "sha256:7f5a3ffc731494f1a57bd91c47dc483a1e10048131ffb52d901bfe2beb6102e8",
                "sha256:8a45b6514861916c429e6059a55cf7db74670eaed2052a648e3e4d04f070e001",
                "sha256:8ad241da7fac963d7573cc67a064c57c58766b62a9a20c452ca1f21050868dfa",
                "sha256:8b0886885f7323beea6f552c28bff62cbe0983b9fbb94126531693ea6c5ebb90",
                "sha256:8ca88da1bd78990b536c4a7765f719803eb4f8f9971cc22d6ca965c10a7f2c4c",
                "sha256:8e0caeff18b96ea90fc0eb6e3bdb2b10ab5b01a95128dfeccb64a7238decf5f0",
                "sha256:957403a978e10fb3ca42572a23e6f7badff39aa1ce2f4ade68ee452dc6807692",
                "sha256:9af69f6746120998cd9c355e9c3c6aec7dff70d47247188feb4f829502be8ab4",
                "sha256:9c94f7cc91ab16b36ba5ce476f1904c91d6c92441f01cd61a8e2729442d6fcf5",
                "sha256:a37d51fa9a00d265cf73f3de3930fa9c41548177ba4f0faf76e61d512c774690",
                "sha256:a3a98921da9a1bf8457aeee6a551948a83601689e5ecdd736894ea9bbec77e83",
                "sha256:a3c1ebd4ed8e76e886507c9eddb1a891673686c813adf889b864a17fafcf6d66",
                "sha256:a5f9505efd574d1e5b4a76ac9dd92a12acb2b309551e9aa874c13c11caefbe4f",
                "sha256:a8ff454ef0bb061e37df03557afda9d785c905dab15584860f982e88be73015f",
                "sha256:a9d0b68ac1743964755ae2d89772c7e6fb0118acd4d0b7464eaf3921c6b49dd4",
                "sha256:aa62a07ac93b7cb6b7d0389d8ef57ffc321d78f60c037b19dfa78d6b17c928ee",
                "sha256:ac741bf78b9bb432e2d314439275235f41656e189856b11fb4e774d9f7246d81",
                "sha256:ae1e96785696b543394a4e3f15f3f225d44f3c55dafe3f206493031419fedf95",
                "sha256:b683e5fd7f74fb66e89a1ed16076dbab3f8e9f34c18b1979ded614fe10cdc4d9",
                "sha256:b7a8b43ee64ca8f4befa2bea4083f7c52c92864d8518244bfa6e88c751fa8fff",
                "sha256:b8e38472739028e5f2c3a4aded0ab7eadc447f0d84f310c7a8bb697ec417229e",
                "sha256:bfff48c7bd23c6e2aec6454aaf6edc44444b229e94743b34bdcdda2e35126cf5",
                "sha256:c14b63c9d7bab795d17392c7c1f9aaabbffd4cf4387725a0ac69109fb3b550c6",
                "sha256:c27cc1e4b197092e50ddbf0118c788d9977f3f8f35bfbbd3e76c1846a3443df7",
                "sha256:c28d3309ebd6d6b2cf82969b5179bed5fefe6142c70f354ece94324fa11bf6a1",
                "sha256:c670f4773f2f6f1957ff8a3962c7dd12e4be54d05839b216cb7fd70b5a1df394",
                "sha256:ce6910b56b700bea7be82c54ddf2e0ed792a577dfaa4a76b9af07d550af435c6",
                "sha256:d0213671691e341f6849bf33cd9fad21f7b1cb88b89e024f33370733fec58742",
                "sha256:d03fe67b2325cb3f09be029fd5da8df9e6974f0cde2c2ac6a79d2634e791dd57",
                "sha256:d0e5af9a9effb88535a472e19169e09ce750c3d442fb222254a276d77808620b",
                "sha256:d243b36fbf3d73c25e48014961e83c19c9cc92530516ce3c43050ea6276a2ab7",
                "sha256:d26166acf62f731f50bdd885b04b38828436d74e8e362bfcb8df221d868b5d9b",
                "sha256:d403d781b0e06d2922435ce3b8d2376579f0c217ae491e273bab8d092727d244",
                "sha256:d8716f82502997b3d0895d1c64c3b834181b1eaca28f3f6336a71777e437c2af",
                "sha256:e4f781ffedd17b0b834c8731b75cce2639d5a8afe961c1e58ee7f1f20b3af185",
                "sha256:e613a98ead2005c4ce037c7b061f2409a1a4e45099edb0ef3200ee26ed2a69a8",
                "sha256:ef4163770525257876f10e8ece1cf25b71468316f61451ded1a6f44273eedeb5"
            ],
            "markers": "python_version >= '3.6'",
            "version": "==2022.10.31"
        },
        "toml": {
            "hashes": [
                "sha256:806143ae5bfb6a3c6e736a764057db0e6a0e05e338b5630894a5f779cabb4f9b",
                "sha256:b3bda1d108d5dd99f4a20d24d9c348e91c4db7ab1b749200bded2f839ccbe68f"
            ],
            "markers": "python_version >= '2.6' and python_version not in '3.0, 3.1, 3.2, 3.3'",
            "version": "==0.10.2"
        },
        "tomli": {
            "hashes": [
                "sha256:05b6166bff487dc068d322585c7ea4ef78deed501cc124060e0f238e89a9231f",
                "sha256:e3069e4be3ead9668e21cb9b074cd948f7b3113fd9c8bba083f48247aab8b11c"
            ],
            "markers": "python_version >= '3.6'",
            "version": "==1.2.3"
        },
        "typed-ast": {
            "hashes": [
                "sha256:0261195c2062caf107831e92a76764c81227dae162c4f75192c0d489faf751a2",
                "sha256:0fdbcf2fef0ca421a3f5912555804296f0b0960f0418c440f5d6d3abb549f3e1",
                "sha256:183afdf0ec5b1b211724dfef3d2cad2d767cbefac291f24d69b00546c1837fb6",
                "sha256:211260621ab1cd7324e0798d6be953d00b74e0428382991adfddb352252f1d62",
                "sha256:267e3f78697a6c00c689c03db4876dd1efdfea2f251a5ad6555e82a26847b4ac",
                "sha256:2efae9db7a8c05ad5547d522e7dbe62c83d838d3906a3716d1478b6c1d61388d",
                "sha256:370788a63915e82fd6f212865a596a0fefcbb7d408bbbb13dea723d971ed8bdc",
                "sha256:39e21ceb7388e4bb37f4c679d72707ed46c2fbf2a5609b8b8ebc4b067d977df2",
                "sha256:3e123d878ba170397916557d31c8f589951e353cc95fb7f24f6bb69adc1a8a97",
                "sha256:4879da6c9b73443f97e731b617184a596ac1235fe91f98d279a7af36c796da35",
                "sha256:4e964b4ff86550a7a7d56345c7864b18f403f5bd7380edf44a3c1fb4ee7ac6c6",
                "sha256:639c5f0b21776605dd6c9dbe592d5228f021404dafd377e2b7ac046b0349b1a1",
                "sha256:669dd0c4167f6f2cd9f57041e03c3c2ebf9063d0757dc89f79ba1daa2bfca9d4",
                "sha256:6778e1b2f81dfc7bc58e4b259363b83d2e509a65198e85d5700dfae4c6c8ff1c",
                "sha256:683407d92dc953c8a7347119596f0b0e6c55eb98ebebd9b23437501b28dcbb8e",
                "sha256:79b1e0869db7c830ba6a981d58711c88b6677506e648496b1f64ac7d15633aec",
                "sha256:7d5d014b7daa8b0bf2eaef684295acae12b036d79f54178b92a2b6a56f92278f",
                "sha256:98f80dee3c03455e92796b58b98ff6ca0b2a6f652120c263efdba4d6c5e58f72",
                "sha256:a94d55d142c9265f4ea46fab70977a1944ecae359ae867397757d836ea5a3f47",
                "sha256:a9916d2bb8865f973824fb47436fa45e1ebf2efd920f2b9f99342cb7fab93f72",
                "sha256:c542eeda69212fa10a7ada75e668876fdec5f856cd3d06829e6aa64ad17c8dfe",
                "sha256:cf4afcfac006ece570e32d6fa90ab74a17245b83dfd6655a6f68568098345ff6",
                "sha256:ebd9d7f80ccf7a82ac5f88c521115cc55d84e35bf8b446fcd7836eb6b98929a3",
                "sha256:ed855bbe3eb3715fca349c80174cfcfd699c2f9de574d40527b8429acae23a66"
            ],
            "markers": "python_version < '3.8'",
            "version": "==1.5.4"
        },
        "typing-extensions": {
            "hashes": [
                "sha256:1511434bb92bf8dd198c12b1cc812e800d4181cfcb867674e0f8279cc93087aa",
                "sha256:16fa4864408f655d35ec496218b85f79b3437c829e93320c7c9215ccfd92489e"
            ],
            "markers": "python_version < '3.8'",
            "version": "==4.4.0"
        },
        "zipp": {
            "hashes": [
                "sha256:83a28fcb75844b5c0cdaf5aa4003c2d728c77e05f5aeabe8e95e56727005fbaa",
                "sha256:a7a22e05929290a67401440b39690ae6563279bced5f314609d9d03798f56766"
            ],
            "markers": "python_version >= '3.7'",
            "version": "==3.11.0"
        }
    }
}
